
Microsoft Visual Studio Solution File, Format Version 12.00
# Visual Studio Version 17
VisualStudioVersion = 17.7.34003.232
MinimumVisualStudioVersion = 10.0.40219.1
Project("{FAE04EC0-301F-11D3-BF4B-00C04F79EFBC}") = "WpfApp2", "WpfApp2\WpfApp2.csproj", "{64670CAA-80BF-4FF9-968E-C4BB253C4202}"
EndProject
Global
	GlobalSection(SolutionConfigurationPlatforms) = preSolution
		Debug|Any CPU = Debug|Any CPU
		Release|Any CPU = Release|Any CPU
	EndGlobalSection
	GlobalSection(ProjectConfigurationPlatforms) = postSolution
		{64670CAA-80BF-4FF9-968E-C4BB253C4202}.Debug|Any CPU.ActiveCfg = Debug|Any CPU
		{64670CAA-80BF-4FF9-968E-C4BB253C4202}.Debug|Any CPU.Build.0 = Debug|Any CPU
		{64670CAA-80BF-4FF9-968E-C4BB253C4202}.Release|Any CPU.ActiveCfg = Release|Any CPU
		{64670CAA-80BF-4FF9-968E-C4BB253C4202}.Release|Any CPU.Build.0 = Release|Any CPU
	EndGlobalSection
	GlobalSection(SolutionProperties) = preSolution
		HideSolutionNode = FALSE
	EndGlobalSection
	GlobalSection(ExtensibilityGlobals) = postSolution
		SolutionGuid = {AEB04F94-EC19-48EA-9B07-8DD3C78D2F2F}
	EndGlobalSection
EndGlobal
